PODS:
  - AXTools (0.6):
    - AXTools/XXProgressHUD (= 0.6)
    - AXTools/YCTool (= 0.6)
  - AXTools/XXProgressHUD (0.6):
    - MBProgressHUD (= 1.2.0)
  - AXTools/YCTool (0.6)
  - MBProgressHUD (1.2.0)

DEPENDENCIES:
  - AXTools (from `../`)

SPEC REPOS:
  trunk:
    - MBProgressHUD

EXTERNAL SOURCES:
  AXTools:
    :path: "../"

SPEC CHECKSUMS:
  AXTools: c0c8816edabcf6b91771b44d56a119dcda7d7b50
  MBProgressHUD: 3ee5efcc380f6a79a7cc9b363dd669c5e1ae7406

PODFILE CHECKSUM: 50c5bfc370442650a3e5dc3a6d268a782f93c8a9

COCOAPODS: 1.11.3
